Microsoft Visual Studio Solution File, Format Version 12.00
# Visual Studio Version 17
VisualStudioVersion = 17.5.2.0
MinimumVisualStudioVersion = 10.0.40219.1
Project("{FAE04EC0-301F-11D3-BF4B-00C04F79EFBC}") = "FormacionesApp", "FormacionesApp.csproj", "{9559CE8B-0B42-2664-755B-9ABF19BA9F4E}"
EndProject
Global
	GlobalSection(SolutionConfigurationPlatforms) = preSolution
		Debug|Any CPU = Debug|Any CPU
		Release|Any CPU = Release|Any CPU
	EndGlobalSection
	GlobalSection(ProjectConfigurationPlatforms) = postSolution
		{9559CE8B-0B42-2664-755B-9ABF19BA9F4E}.Debug|Any CPU.ActiveCfg = Debug|Any CPU
		{9559CE8B-0B42-2664-755B-9ABF19BA9F4E}.Debug|Any CPU.Build.0 = Debug|Any CPU
		{9559CE8B-0B42-2664-755B-9ABF19BA9F4E}.Release|Any CPU.ActiveCfg = Release|Any CPU
		{9559CE8B-0B42-2664-755B-9ABF19BA9F4E}.Release|Any CPU.Build.0 = Release|Any CPU
	EndGlobalSection
	GlobalSection(SolutionProperties) = preSolution
		HideSolutionNode = FALSE
	EndGlobalSection
	GlobalSection(ExtensibilityGlobals) = postSolution
		SolutionGuid = {86591CF8-C08E-4BF5-86BE-959995CAA284}
	EndGlobalSection
EndGlobal
